
Microsoft Visual Studio Solution File, Format Version 12.00
# Visual Studio Version 17
VisualStudioVersion = 17.14.36511.14 d17.14
MinimumVisualStudioVersion = 10.0.40219.1
Project("{FAE04EC0-301F-11D3-BF4B-00C04F79EFBC}") = "MapRestApi", "MapRestApi\MapRestApi.csproj", "{1407CF7B-EFA0-4A0A-B9BE-5D943CD576D1}"
EndProject
Global
	GlobalSection(SolutionConfigurationPlatforms) = preSolution
		Debug|Any CPU = Debug|Any CPU
		Release|Any CPU = Release|Any CPU
	EndGlobalSection
	GlobalSection(ProjectConfigurationPlatforms) = postSolution
		{1407CF7B-EFA0-4A0A-B9BE-5D943CD576D1}.Debug|Any CPU.ActiveCfg = Debug|Any CPU
		{1407CF7B-EFA0-4A0A-B9BE-5D943CD576D1}.Debug|Any CPU.Build.0 = Debug|Any CPU
		{1407CF7B-EFA0-4A0A-B9BE-5D943CD576D1}.Release|Any CPU.ActiveCfg = Release|Any CPU
		{1407CF7B-EFA0-4A0A-B9BE-5D943CD576D1}.Release|Any CPU.Build.0 = Release|Any CPU
	EndGlobalSection
	GlobalSection(SolutionProperties) = preSolution
		HideSolutionNode = FALSE
	EndGlobalSection
	GlobalSection(ExtensibilityGlobals) = postSolution
		SolutionGuid = {AFE902C9-4EBE-4E96-B0DF-9576380B4154}
	EndGlobalSection
EndGlobal
